name: LargestBlock
domain: Set partition statistics
signature: LargestBlock(partition)
summary: The size of the largest block.
details:
  - Defined over `SetPartition` as an expression in `_x`, evaluated by compute-engine — the definition IS the implementation.
  - "Not yet typed over its carrier: `SetPartition` is a restricted growth string in @enumeratio/domains but a list of BLOCKS here, so the head still takes the bare blocks until the two representations are reconciled."
catalog:
  - system: findstat
    identity: St001062
    url: https://www.findstat.org/St001062
    on: SetPartition
